
Microsoft Visual Studio Solution File, Format Version 12.00
# Visual Studio 15
VisualStudioVersion = 15.0.27703.2000
MinimumVisualStudioVersion = 10.0.40219.1
Project("{FAE04EC0-301F-11D3-BF4B-00C04F79EFBC}") = "PaymentSystem", "PaymentSystem\PaymentSystem.csproj", "{176C3B56-01B0-4D78-9022-08C5E1EEE6AD}"
EndProject
Project("{2150E333-8FDC-42A3-9474-1A3956D46DE8}") = "1. Presentation Layer", "1. Presentation Layer", "{B74CA48D-EAD5-4A8E-B3B3-4C87CFED330C}"
EndProject
Project("{2150E333-8FDC-42A3-9474-1A3956D46DE8}") = "3. Bussiness Layer", "3. Bussiness Layer", "{0452A671-8C62-46A5-AB4F-A4472DFB445B}"
EndProject
Project("{2150E333-8FDC-42A3-9474-1A3956D46DE8}") = "4. Data Layer", "4. Data Layer", "{A6B3C745-01F0-4917-B1DF-466BF741B214}"
EndProject
Project("{FAE04EC0-301F-11D3-BF4B-00C04F79EFBC}") = "DataObjects", "DataObjects\DataObjects.csproj", "{BDAF130B-4289-4CB2-A641-4AD62FA32721}"
EndProject
Project("{FAE04EC0-301F-11D3-BF4B-00C04F79EFBC}") = "BussinessObjects", "BussinessObjects\BussinessObjects.csproj", "{4F5E20BC-5B11-4A9D-9729-2B77B39E82FB}"
EndProject
Project("{2150E333-8FDC-42A3-9474-1A3956D46DE8}") = "2. Service Layer", "2. Service Layer", "{4B7E4BB9-6F55-4163-ABCD-A760BDCB505F}"
EndProject
Project("{FAE04EC0-301F-11D3-BF4B-00C04F79EFBC}") = "Service", "Service\Service.csproj", "{D4DD9730-960E-46A6-85DF-64E13BE424CD}"
EndProject
Global
	GlobalSection(SolutionConfigurationPlatforms) = preSolution
		Debug|Any CPU = Debug|Any CPU
		Release|Any CPU = Release|Any CPU
	EndGlobalSection
	GlobalSection(ProjectConfigurationPlatforms) = postSolution
		{176C3B56-01B0-4D78-9022-08C5E1EEE6AD}.Debug|Any CPU.ActiveCfg = Debug|Any CPU
		{176C3B56-01B0-4D78-9022-08C5E1EEE6AD}.Debug|Any CPU.Build.0 = Debug|Any CPU
		{176C3B56-01B0-4D78-9022-08C5E1EEE6AD}.Release|Any CPU.ActiveCfg = Release|Any CPU
		{176C3B56-01B0-4D78-9022-08C5E1EEE6AD}.Release|Any CPU.Build.0 = Release|Any CPU
		{BDAF130B-4289-4CB2-A641-4AD62FA32721}.Debug|Any CPU.ActiveCfg = Debug|Any CPU
		{BDAF130B-4289-4CB2-A641-4AD62FA32721}.Debug|Any CPU.Build.0 = Debug|Any CPU
		{BDAF130B-4289-4CB2-A641-4AD62FA32721}.Release|Any CPU.ActiveCfg = Release|Any CPU
		{BDAF130B-4289-4CB2-A641-4AD62FA32721}.Release|Any CPU.Build.0 = Release|Any CPU
		{4F5E20BC-5B11-4A9D-9729-2B77B39E82FB}.Debug|Any CPU.ActiveCfg = Debug|Any CPU
		{4F5E20BC-5B11-4A9D-9729-2B77B39E82FB}.Debug|Any CPU.Build.0 = Debug|Any CPU
		{4F5E20BC-5B11-4A9D-9729-2B77B39E82FB}.Release|Any CPU.ActiveCfg = Release|Any CPU
		{4F5E20BC-5B11-4A9D-9729-2B77B39E82FB}.Release|Any CPU.Build.0 = Release|Any CPU
		{D4DD9730-960E-46A6-85DF-64E13BE424CD}.Debug|Any CPU.ActiveCfg = Debug|Any CPU
		{D4DD9730-960E-46A6-85DF-64E13BE424CD}.Debug|Any CPU.Build.0 = Debug|Any CPU
		{D4DD9730-960E-46A6-85DF-64E13BE424CD}.Release|Any CPU.ActiveCfg = Release|Any CPU
		{D4DD9730-960E-46A6-85DF-64E13BE424CD}.Release|Any CPU.Build.0 = Release|Any CPU
	EndGlobalSection
	GlobalSection(SolutionProperties) = preSolution
		HideSolutionNode = FALSE
	EndGlobalSection
	GlobalSection(NestedProjects) = preSolution
		{176C3B56-01B0-4D78-9022-08C5E1EEE6AD} = {B74CA48D-EAD5-4A8E-B3B3-4C87CFED330C}
		{BDAF130B-4289-4CB2-A641-4AD62FA32721} = {A6B3C745-01F0-4917-B1DF-466BF741B214}
		{4F5E20BC-5B11-4A9D-9729-2B77B39E82FB} = {0452A671-8C62-46A5-AB4F-A4472DFB445B}
		{D4DD9730-960E-46A6-85DF-64E13BE424CD} = {4B7E4BB9-6F55-4163-ABCD-A760BDCB505F}
	EndGlobalSection
	GlobalSection(ExtensibilityGlobals) = postSolution
		SolutionGuid = {6634F9F9-7693-4AF2-A672-87205796C5C5}
	EndGlobalSection
EndGlobal
